
Microsoft Visual Studio Solution File, Format Version 12.00
# Visual Studio 15
VisualStudioVersion = 15.0.28010.2016
MinimumVisualStudioVersion = 10.0.40219.1
Project("{FAE04EC0-301F-11D3-BF4B-00C04F79EFBC}") = "NetCoreVS2017LinuxDocker", "NetCoreVS2017LinuxDocker\NetCoreVS2017LinuxDocker.csproj", "{B74AAB16-6F65-4F18-9E2F-C1BF5461299D}"
EndProject
Global
	GlobalSection(SolutionConfigurationPlatforms) = preSolution
		Debug|Any CPU = Debug|Any CPU
		Release|Any CPU = Release|Any CPU
	EndGlobalSection
	GlobalSection(ProjectConfigurationPlatforms) = postSolution
		{B74AAB16-6F65-4F18-9E2F-C1BF5461299D}.Debug|Any CPU.ActiveCfg = Debug|Any CPU
		{B74AAB16-6F65-4F18-9E2F-C1BF5461299D}.Debug|Any CPU.Build.0 = Debug|Any CPU
		{B74AAB16-6F65-4F18-9E2F-C1BF5461299D}.Release|Any CPU.ActiveCfg = Release|Any CPU
		{B74AAB16-6F65-4F18-9E2F-C1BF5461299D}.Release|Any CPU.Build.0 = Release|Any CPU
	EndGlobalSection
	GlobalSection(SolutionProperties) = preSolution
		HideSolutionNode = FALSE
	EndGlobalSection
	GlobalSection(ExtensibilityGlobals) = postSolution
		SolutionGuid = {50244124-9CE3-45E3-B6C2-D82661B6260B}
	EndGlobalSection
EndGlobal
